
Microsoft Visual Studio Solution File, Format Version 12.00
# Visual Studio Version 16
VisualStudioVersion = 16.0.30717.126
MinimumVisualStudioVersion = 10.0.40219.1
Project("{FAE04EC0-301F-11D3-BF4B-00C04F79EFBC}") = "NormPris", "NormPris\NormPris.csproj", "{97A1BF80-65F9-48CC-A93F-62311A3DFA8F}"
EndProject
Global
	GlobalSection(SolutionConfigurationPlatforms) = preSolution
		Debug|Any CPU = Debug|Any CPU
		Release|Any CPU = Release|Any CPU
	EndGlobalSection
	GlobalSection(ProjectConfigurationPlatforms) = postSolution
		{97A1BF80-65F9-48CC-A93F-62311A3DFA8F}.Debug|Any CPU.ActiveCfg = Debug|Any CPU
		{97A1BF80-65F9-48CC-A93F-62311A3DFA8F}.Debug|Any CPU.Build.0 = Debug|Any CPU
		{97A1BF80-65F9-48CC-A93F-62311A3DFA8F}.Release|Any CPU.ActiveCfg = Release|Any CPU
		{97A1BF80-65F9-48CC-A93F-62311A3DFA8F}.Release|Any CPU.Build.0 = Release|Any CPU
	EndGlobalSection
	GlobalSection(SolutionProperties) = preSolution
		HideSolutionNode = FALSE
	EndGlobalSection
	GlobalSection(ExtensibilityGlobals) = postSolution
		SolutionGuid = {F2E2521F-9358-4860-B210-2254FC4F533E}
	EndGlobalSection
EndGlobal
